
Microsoft Visual Studio Solution File, Format Version 12.00
# Visual Studio Version 16
VisualStudioVersion = 16.0.32106.194
MinimumVisualStudioVersion = 10.0.40219.1
Project("{FAE04EC0-301F-11D3-BF4B-00C04F79EFBC}") = "WorkshopApi", "WorkshopApi.csproj", "{F3CE6F14-6E2C-44EF-9EA4-499707F3A4A2}"
EndProject
Global
	GlobalSection(SolutionConfigurationPlatforms) = preSolution
		Debug|Any CPU = Debug|Any CPU
		Release|Any CPU = Release|Any CPU
	EndGlobalSection
	GlobalSection(ProjectConfigurationPlatforms) = postSolution
		{F3CE6F14-6E2C-44EF-9EA4-499707F3A4A2}.Debug|Any CPU.ActiveCfg = Debug|Any CPU
		{F3CE6F14-6E2C-44EF-9EA4-499707F3A4A2}.Debug|Any CPU.Build.0 = Debug|Any CPU
		{F3CE6F14-6E2C-44EF-9EA4-499707F3A4A2}.Release|Any CPU.ActiveCfg = Release|Any CPU
		{F3CE6F14-6E2C-44EF-9EA4-499707F3A4A2}.Release|Any CPU.Build.0 = Release|Any CPU
	EndGlobalSection
	GlobalSection(SolutionProperties) = preSolution
		HideSolutionNode = FALSE
	EndGlobalSection
	GlobalSection(ExtensibilityGlobals) = postSolution
		SolutionGuid = {DBAAF7D2-CA20-4F04-85F6-921E1959FFBE}
	EndGlobalSection
EndGlobal
